// !$*UTF8*$!
{
	archiveVersion = 1;
	classes = {
	};
	objectVersion = 52;
	objects = {

/* Begin PBXBuildFile section */
		9356D4E524471E1A0092F9C3 /* CameraViewController.swift in Sources */ = {isa = PBXBuildFile; fileRef = 9356D4E424471E1A0092F9C3 /* CameraViewController.swift */; };
		9356D4E7244735620092F9C3 /* MobileNetV2.mlmodel in Sources */ = {isa = PBXBuildFile; fileRef = 9356D4E6244735620092F9C3 /* MobileNetV2.mlmodel */; };
		AA47B57F2445D47C000110BA /* AppDelegate.swift in Sources */ = {isa = PBXBuildFile; fileRef = AA47B57E2445D47C000110BA /* AppDelegate.swift */; };
		AA47B5812445D47C000110BA /* SceneDelegate.swift in Sources */ = {isa = PBXBuildFile; fileRef = AA47B5802445D47C000110BA /* SceneDelegate.swift */; };
		AA47B5832445D47C000110BA /* ViewController.swift in Sources */ = {isa = PBXBuildFile; fileRef = AA47B5822445D47C000110BA /* ViewController.swift */; };
		AA47B5862445D47C000110BA /* Main.storyboard in Resources */ = {isa = PBXBuildFile; fileRef = AA47B5842445D47C000110BA /* Main.storyboard */; };
		AA47B5882445D47D000110BA /* Assets.xcassets in Resources */ = {isa = PBXBuildFile; fileRef = AA47B5872445D47D000110BA /* Assets.xcassets */; };
		AA47B58B2445D47D000110BA /* LaunchScreen.storyboard in Resources */ = {isa = PBXBuildFile; fileRef = AA47B5892445D47D000110BA /* LaunchScreen.storyboard */; };
		AA47B5932445EC94000110BA /* ImageView.swift in Sources */ = {isa = PBXBuildFile; fileRef = AA47B5922445EC94000110BA /* ImageView.swift */; };
/* End PBXBuildFile section */

/* Begin PBXFileReference section */
		9356D4E424471E1A0092F9C3 /* CameraViewController.swift */ = {isa = PBXFileReference; lastKnownFileType = sourcecode.swift; path = CameraViewController.swift; sourceTree = "<group>"; };
		9356D4E6244735620092F9C3 /* MobileNetV2.mlmodel */ = {isa = PBXFileReference; lastKnownFileType = file.mlmodel; name = MobileNetV2.mlmodel; path = ../../MobileNetV2.mlmodel; sourceTree = "<group>"; };
		AA47B57B2445D47C000110BA /* Image.app */ = {isa = PBXFileReference; explicitFileType = wrapper.application; includeInIndex = 0; path = Image.app; sourceTree = BUILT_PRODUCTS_DIR; };
		AA47B57E2445D47C000110BA /* AppDelegate.swift */ = {isa = PBXFileReference; lastKnownFileType = sourcecode.swift; path = AppDelegate.swift; sourceTree = "<group>"; };
		AA47B5802445D47C000110BA /* SceneDelegate.swift */ = {isa = PBXFileReference; lastKnownFileType = sourcecode.swift; path = SceneDelegate.swift; sourceTree = "<group>"; };
		AA47B5822445D47C000110BA /* ViewController.swift */ = {isa = PBXFileReference; lastKnownFileType = sourcecode.swift; path = ViewController.swift; sourceTree = "<group>"; };
		AA47B5852445D47C000110BA /* Base */ = {isa = PBXFileReference; lastKnownFileType = file.storyboard; name = Base; path = Base.lproj/Main.storyboard; sourceTree = "<group>"; };
		AA47B5872445D47D000110BA /* Assets.xcassets */ = {isa = PBXFileReference; lastKnownFileType = folder.assetcatalog; path = Assets.xcassets; sourceTree = "<group>"; };
		AA47B58A2445D47D000110BA /* Base */ = {isa = PBXFileReference; lastKnownFileType = file.storyboard; name = Base; path = Base.lproj/LaunchScreen.storyboard; sourceTree = "<group>"; };
		AA47B58C2445D47D000110BA /* Info.plist */ = {isa = PBXFileReference; lastKnownFileType = text.plist.xml; path = Info.plist; sourceTree = "<group>"; };
		AA47B5922445EC94000110BA /* ImageView.swift */ = {isa = PBXFileReference; lastKnownFileType = sourcecode.swift; path = ImageView.swift; sourceTree = "<group>"; };
/* End PBXFileReference section */

/* Begin PBXFrameworksBuildPhase section */
		AA47B5782445D47C000110BA /* Frameworks */ = {
			isa = PBXFrameworksBuildPhase;
			buildActionMask = 2147483647;
			files = (
			);
			runOnlyForDeploymentPostprocessing = 0;
		};
/* End PBXFrameworksBuildPhase section */

/* Begin PBXGroup section */
		AA47B5722445D47C000110BA = {
			isa = PBXGroup;
			children = (
				AA47B57D2445D47C000110BA /* Image */,
				AA47B57C2445D47C000110BA /* Products */,
			);
			sourceTree = "<group>";
		};
		AA47B57C2445D47C000110BA /* Products */ = {
			isa = PBXGroup;
			children = (
				AA47B57B2445D47C000110BA /* Image.app */,
			);
			name = Products;
			sourceTree = "<group>";
		};
		AA47B57D2445D47C000110BA /* Image */ = {
			isa = PBXGroup;
			children = (
				AA47B57E2445D47C000110BA /* AppDelegate.swift */,
				AA47B5802445D47C000110BA /* SceneDelegate.swift */,
				AA47B5822445D47C000110BA /* ViewController.swift */,
				AA47B5842445D47C000110BA /* Main.storyboard */,
				AA47B5872445D47D000110BA /* Assets.xcassets */,
				AA47B5892445D47D000110BA /* LaunchScreen.storyboard */,
				9356D4E6244735620092F9C3 /* MobileNetV2.mlmodel */,
				AA47B58C2445D47D000110BA /* Info.plist */,
				9356D4E424471E1A0092F9C3 /* CameraViewController.swift */,
				AA47B5922445EC94000110BA /* ImageView.swift */,
			);
			path = Image;
			sourceTree = "<group>";
		};
/* End PBXGroup section */

/* Begin PBXNativeTarget section */
		AA47B57A2445D47C000110BA /* Image */ = {
			isa = PBXNativeTarget;
			buildConfigurationList = AA47B58F2445D47D000110BA /* Build configuration list for PBXNativeTarget "Image" */;
			buildPhases = (
				AA47B5772445D47C000110BA /* Sources */,
				AA47B5782445D47C000110BA /* Frameworks */,
				AA47B5792445D47C000110BA /* Resources */,
			);
			buildRules = (
			);
			dependencies = (
			);
			name = Image;
			productName = Image;
			productReference = AA47B57B2445D47C000110BA /* Image.app */;
			productType = "com.apple.product-type.application";
		};
/* End PBXNativeTarget section */

/* Begin PBXProject section */
		AA47B5732445D47C000110BA /* Project object */ = {
			isa = PBXProject;
			attributes = {
				LastSwiftUpdateCheck = 1140;
				LastUpgradeCheck = 1140;
				ORGANIZATIONNAME = "Utkarsh Nath";
				TargetAttributes = {
					AA47B57A2445D47C000110BA = {
						CreatedOnToolsVersion = 11.4;
					};
				};
			};
			buildConfigurationList = AA47B5762445D47C000110BA /* Build configuration list for PBXProject "Image" */;
			compatibilityVersion = "Xcode 11.0";
			developmentRegion = en;
			hasScannedForEncodings = 0;
			knownRegions = (
				en,
				Base,
			);
			mainGroup = AA47B5722445D47C000110BA;
			productRefGroup = AA47B57C2445D47C000110BA /* Products */;
			projectDirPath = "";
			projectRoot = "";
			targets = (
				AA47B57A2445D47C000110BA /* Image */,
			);
		};
/* End PBXProject section */

/* Begin PBXResourcesBuildPhase section */
		AA47B5792445D47C000110BA /* Resources */ = {
			isa = PBXResourcesBuildPhase;
			buildActionMask = 2147483647;
			files = (
				AA47B58B2445D47D000110BA /* LaunchScreen.storyboard in Resources */,
				AA47B5882445D47D000110BA /* Assets.xcassets in Resources */,
				AA47B5862445D47C000110BA /* Main.storyboard in Resources */,
			);
			runOnlyForDeploymentPostprocessing = 0;
		};
/* End PBXResourcesBuildPhase section */

/* Begin PBXSourcesBuildPhase section */
		AA47B5772445D47C000110BA /* Sources */ = {
			isa = PBXSourcesBuildPhase;
			buildActionMask = 2147483647;
			files = (
				9356D4E7244735620092F9C3 /* MobileNetV2.mlmodel in Sources */,
				AA47B5932445EC94000110BA /* ImageView.swift in Sources */,
				AA47B5832445D47C000110BA /* ViewController.swift in Sources */,
				AA47B57F2445D47C000110BA /* AppDelegate.swift in Sources */,
				AA47B5812445D47C000110BA /* SceneDelegate.swift in Sources */,
				9356D4E524471E1A0092F9C3 /* CameraViewController.swift in Sources */,
			);
			runOnlyForDeploymentPostprocessing = 0;
		};
/* End PBXSourcesBuildPhase section */

/* Begin PBXVariantGroup section */
		AA47B5842445D47C000110BA /* Main.storyboard */ = {
			isa = PBXVariantGroup;
			children = (
				AA47B5852445D47C000110BA /* Base */,
			);
			name = Main.storyboard;
			sourceTree = "<group>";
		};
		AA47B5892445D47D000110BA /* LaunchScreen.storyboard */ = {
			isa = PBXVariantGroup;
			children = (
				AA47B58A2445D47D000110BA /* Base */,
			);
			name = LaunchScreen.storyboard;
			sourceTree = "<group>";
		};
/* End PBXVariantGroup section */

/* Begin XCBuildConfiguration section */
		AA47B58D2445D47D000110BA /* Debug */ = {
			isa = XCBuildConfiguration;
			buildSettings = {
				ALWAYS_SEARCH_USER_PATHS = NO;
				CLANG_ANALYZER_NONNULL = YES;
				CLANG_ANALYZER_NUMBER_OBJECT_CONVERSION = YES_AGGRESSIVE;
				CLANG_CXX_LANGUAGE_STANDARD = "gnu++14";
				CLANG_CXX_LIBRARY = "libc++";
				CLANG_ENABLE_MODULES = YES;
				CLANG_ENABLE_OBJC_ARC = YES;
				CLANG_ENABLE_OBJC_WEAK = YES;
				CLANG_WARN_BLOCK_CAPTURE_AUTORELEASING = YES;
				CLANG_WARN_BOOL_CONVERSION = YES;
				CLANG_WARN_COMMA = YES;
				CLANG_WARN_CONSTANT_CONVERSION = YES;
				CLANG_WARN_DEPRECATED_OBJC_IMPLEMENTATIONS = YES;
				CLANG_WARN_DIRECT_OBJC_ISA_USAGE = YES_ERROR;
				CLANG_WARN_DOCUMENTATION_COMMENTS = YES;
				CLANG_WARN_EMPTY_BODY = YES;
				CLANG_WARN_ENUM_CONVERSION = YES;
				CLANG_WARN_INFINITE_RECURSION = YES;
				CLANG_WARN_INT_CONVERSION = YES;
				CLANG_WARN_NON_LITERAL_NULL_CONVERSION = YES;
				CLANG_WARN_OBJC_IMPLICIT_RETAIN_SELF = YES;
				CLANG_WARN_OBJC_LITERAL_CONVERSION = YES;
				CLANG_WARN_OBJC_ROOT_CLASS = YES_ERROR;
				CLANG_WARN_RANGE_LOOP_ANALYSIS = YES;
				CLANG_WARN_STRICT_PROTOTYPES = YES;
				CLANG_WARN_SUSPICIOUS_MOVE = YES;
				CLANG_WARN_UNGUARDED_AVAILABILITY = YES_AGGRESSIVE;
				CLANG_WARN_UNREACHABLE_CODE = YES;
				CLANG_WARN__DUPLICATE_METHOD_MATCH = YES;
				COPY_PHASE_STRIP = NO;
				DEBUG_INFORMATION_FORMAT = dwarf;
				ENABLE_STRICT_OBJC_MSGSEND = YES;
				ENABLE_TESTABILITY = YES;
				GCC_C_LANGUAGE_STANDARD = gnu11;
				GCC_DYNAMIC_NO_PIC = NO;
				GCC_NO_COMMON_BLOCKS = YES;
				GCC_OPTIMIZATION_LEVEL = 0;
				GCC_PREPROCESSOR_DEFINITIONS = (
					"DEBUG=1",
					"$(inherited)",
				);
				GCC_WARN_64_TO_32_BIT_CONVERSION = YES;
				GCC_WARN_ABOUT_RETURN_TYPE = YES_ERROR;
				GCC_WARN_UNDECLARED_SELECTOR = YES;
				GCC_WARN_UNINITIALIZED_AUTOS = YES_AGGRESSIVE;
				GCC_WARN_UNUSED_FUNCTION = YES;
				GCC_WARN_UNUSED_VARIABLE = YES;
				IPHONEOS_DEPLOYMENT_TARGET = 13.0;
				MTL_ENABLE_DEBUG_INFO = INCLUDE_SOURCE;
				MTL_FAST_MATH = YES;
				ONLY_ACTIVE_ARCH = YES;
				SDKROOT = iphoneos;
				SWIFT_ACTIVE_COMPILATION_CONDITIONS = DEBUG;
				SWIFT_OPTIMIZATION_LEVEL = "-Onone";
			};
			name = Debug;
		};
		AA47B58E2445D47D000110BA /* Release */ = {
			isa = XCBuildConfiguration;
			buildSettings = {
				ALWAYS_SEARCH_USER_PATHS = NO;
				CLANG_ANALYZER_NONNULL = YES;
				CLANG_ANALYZER_NUMBER_OBJECT_CONVERSION = YES_AGGRESSIVE;
				CLANG_CXX_LANGUAGE_STANDARD = "gnu++14";
				CLANG_CXX_LIBRARY = "libc++";
				CLANG_ENABLE_MODULES = YES;
				CLANG_ENABLE_OBJC_ARC = YES;
				CLANG_ENABLE_OBJC_WEAK = YES;
				CLANG_WARN_BLOCK_CAPTURE_AUTORELEASING = YES;
				CLANG_WARN_BOOL_CONVERSION = YES;
				CLANG_WARN_COMMA = YES;
				CLANG_WARN_CONSTANT_CONVERSION = YES;
				CLANG_WARN_DEPRECATED_OBJC_IMPLEMENTATIONS = YES;
				CLANG_WARN_DIRECT_OBJC_ISA_USAGE = YES_ERROR;
				CLANG_WARN_DOCUMENTATION_COMMENTS = YES;
				CLANG_WARN_EMPTY_BODY = YES;
				CLANG_WARN_ENUM_CONVERSION = YES;
				CLANG_WARN_INFINITE_RECURSION = YES;
				CLANG_WARN_INT_CONVERSION = YES;
				CLANG_WARN_NON_LITERAL_NULL_CONVERSION = YES;
				CLANG_WARN_OBJC_IMPLICIT_RETAIN_SELF = YES;
				CLANG_WARN_OBJC_LITERAL_CONVERSION = YES;
				CLANG_WARN_OBJC_ROOT_CLASS = YES_ERROR;
				CLANG_WARN_RANGE_LOOP_ANALYSIS = YES;
				CLANG_WARN_STRICT_PROTOTYPES = YES;
				CLANG_WARN_SUSPICIOUS_MOVE = YES;
				CLANG_WARN_UNGUARDED_AVAILABILITY = YES_AGGRESSIVE;
				CLANG_WARN_UNREACHABLE_CODE = YES;
				CLANG_WARN__DUPLICATE_METHOD_MATCH = YES;
				COPY_PHASE_STRIP = NO;
				DEBUG_INFORMATION_FORMAT = "dwarf-with-dsym";
				ENABLE_NS_ASSERTIONS = NO;
				ENABLE_STRICT_OBJC_MSGSEND = YES;
				GCC_C_LANGUAGE_STANDARD = gnu11;
				GCC_NO_COMMON_BLOCKS = YES;
				GCC_WARN_64_TO_32_BIT_CONVERSION = YES;
				GCC_WARN_ABOUT_RETURN_TYPE = YES_ERROR;
				GCC_WARN_UNDECLARED_SELECTOR = YES;
				GCC_WARN_UNINITIALIZED_AUTOS = YES_AGGRESSIVE;
				GCC_WARN_UNUSED_FUNCTION = YES;
				GCC_WARN_UNUSED_VARIABLE = YES;
				IPHONEOS_DEPLOYMENT_TARGET = 13.0;
				MTL_ENABLE_DEBUG_INFO = NO;
				MTL_FAST_MATH = YES;
				SDKROOT = iphoneos;
				SWIFT_COMPILATION_MODE = wholemodule;
				SWIFT_OPTIMIZATION_LEVEL = "-O";
				VALIDATE_PRODUCT = YES;
			};
			name = Release;
		};
		AA47B5902445D47D000110BA /* Debug */ = {
			isa = XCBuildConfiguration;
			buildSettings = {
				ASSETCATALOG_COMPILER_APPICON_NAME = AppIcon;
				CODE_SIGN_STYLE = Automatic;
				DEVELOPMENT_TEAM = Q9XU5VBCYA;
				INFOPLIST_FILE = Image/Info.plist;
				LD_RUNPATH_SEARCH_PATHS = (
					"$(inherited)",
					"@executable_path/Frameworks",
				);
				PRODUCT_BUNDLE_IDENTIFIER = "iOS-Decal.Image";
				PRODUCT_NAME = "$(TARGET_NAME)";
				SWIFT_VERSION = 5.0;
				TARGETED_DEVICE_FAMILY = 1;
			};
			name = Debug;
		};
		AA47B5912445D47D000110BA /* Release */ = {
			isa = XCBuildConfiguration;
			buildSettings = {
				ASSETCATALOG_COMPILER_APPICON_NAME = AppIcon;
				CODE_SIGN_STYLE = Automatic;
				DEVELOPMENT_TEAM = Q9XU5VBCYA;
				INFOPLIST_FILE = Image/Info.plist;
				LD_RUNPATH_SEARCH_PATHS = (
					"$(inherited)",
					"@executable_path/Frameworks",
				);
				PRODUCT_BUNDLE_IDENTIFIER = "iOS-Decal.Image";
				PRODUCT_NAME = "$(TARGET_NAME)";
				SWIFT_VERSION = 5.0;
				TARGETED_DEVICE_FAMILY = 1;
			};
			name = Release;
		};
/* End XCBuildConfiguration section */

/* Begin XCConfigurationList section */
		AA47B5762445D47C000110BA /* Build configuration list for PBXProject "Image" */ = {
			isa = XCConfigurationList;
			buildConfigurations = (
				AA47B58D2445D47D000110BA /* Debug */,
				AA47B58E2445D47D000110BA /* Release */,
			);
			defaultConfigurationIsVisible = 0;
			defaultConfigurationName = Release;
		};
		AA47B58F2445D47D000110BA /* Build configuration list for PBXNativeTarget "Image" */ = {
			isa = XCConfigurationList;
			buildConfigurations = (
				AA47B5902445D47D000110BA /* Debug */,
				AA47B5912445D47D000110BA /* Release */,
			);
			defaultConfigurationIsVisible = 0;
			defaultConfigurationName = Release;
		};
/* End XCConfigurationList section */
	};
	rootObject = AA47B5732445D47C000110BA /* Project object */;
}
